
Microsoft Visual Studio Solution File, Format Version 12.00
Project("{FAE04EC0-301F-11D3-BF4B-00C04F79EFBC}") = "Enigma", "Enigma\Enigma.csproj", "{4D64B223-863C-4332-A69E-602B95DA0EAC}"
EndProject
Project("{FAE04EC0-301F-11D3-BF4B-00C04F79EFBC}") = "Enigma.Tests", "Enigma.Tests\Enigma.Tests.csproj", "{458A769D-3AF5-4699-B577-B6E60EA6508E}"
EndProject
Project("{FAE04EC0-301F-11D3-BF4B-00C04F79EFBC}") = "Enigma.Benchmarks", "Enigma.Benchmarks\Enigma.Benchmarks.csproj", "{93FE98A9-48AE-4A80-B2DE-4796DA810248}"
EndProject
Global
	GlobalSection(SolutionConfigurationPlatforms) = preSolution
		Debug|Any CPU = Debug|Any CPU
		Release|Any CPU = Release|Any CPU
	EndGlobalSection
	GlobalSection(ProjectConfigurationPlatforms) = postSolution
		{4D64B223-863C-4332-A69E-602B95DA0EAC}.Debug|Any CPU.ActiveCfg = Debug|Any CPU
		{4D64B223-863C-4332-A69E-602B95DA0EAC}.Debug|Any CPU.Build.0 = Debug|Any CPU
		{4D64B223-863C-4332-A69E-602B95DA0EAC}.Release|Any CPU.ActiveCfg = Release|Any CPU
		{4D64B223-863C-4332-A69E-602B95DA0EAC}.Release|Any CPU.Build.0 = Release|Any CPU
		{458A769D-3AF5-4699-B577-B6E60EA6508E}.Debug|Any CPU.ActiveCfg = Debug|Any CPU
		{458A769D-3AF5-4699-B577-B6E60EA6508E}.Debug|Any CPU.Build.0 = Debug|Any CPU
		{458A769D-3AF5-4699-B577-B6E60EA6508E}.Release|Any CPU.ActiveCfg = Release|Any CPU
		{458A769D-3AF5-4699-B577-B6E60EA6508E}.Release|Any CPU.Build.0 = Release|Any CPU
		{93FE98A9-48AE-4A80-B2DE-4796DA810248}.Debug|Any CPU.ActiveCfg = Debug|Any CPU
		{93FE98A9-48AE-4A80-B2DE-4796DA810248}.Debug|Any CPU.Build.0 = Debug|Any CPU
		{93FE98A9-48AE-4A80-B2DE-4796DA810248}.Release|Any CPU.ActiveCfg = Release|Any CPU
		{93FE98A9-48AE-4A80-B2DE-4796DA810248}.Release|Any CPU.Build.0 = Release|Any CPU
	EndGlobalSection
EndGlobal
